
Microsoft Visual Studio Solution File, Format Version 12.00
# Visual Studio 2013
VisualStudioVersion = 12.0.21005.1
MinimumVisualStudioVersion = 10.0.40219.1
Project("{8BC9CEB8-8B4A-11D0-8D11-00A0C91BC942}") = "utility", "library\utility\utility.vcxproj", "{80078CBF-33A9-409C-A0BD-FC71F52B5AE2}"
EndProject
Project("{8BC9CEB8-8B4A-11D0-8D11-00A0C91BC942}") = "base", "library\base\base.vcxproj", "{D5839C5B-1072-41C4-8976-2EADF527AD7A}"
EndProject
Project("{2150E333-8FDC-42A3-9474-1A3956D46DE8}") = "test", "test", "{F092697B-E095-4C2C-89AB-87873495252B}"
EndProject
Project("{8BC9CEB8-8B4A-11D0-8D11-00A0C91BC942}") = "test", "project\test\test.vcxproj", "{24D23809-111C-4C2A-AD15-001D205093F0}"
EndProject
Project("{8BC9CEB8-8B4A-11D0-8D11-00A0C91BC942}") = "database", "library\database\database.vcxproj", "{C5299AFF-287F-4517-A7CB-F12C9ACE7C57}"
EndProject
Project("{8BC9CEB8-8B4A-11D0-8D11-00A0C91BC942}") = "asio", "library\asio\asio.vcxproj", "{A3DED894-B0D0-400B-B80D-DF9796BCBC7B}"
EndProject
Project("{8BC9CEB8-8B4A-11D0-8D11-00A0C91BC942}") = "mysql_api", "library\mysql_api\mysql_api.vcxproj", "{E613D2F0-54EB-42CE-8E2E-9715B053043C}"
EndProject
Project("{8BC9CEB8-8B4A-11D0-8D11-00A0C91BC942}") = "test_utility", "project\test_utility\test_utility.vcxproj", "{D51B08D6-458C-45EA-B4B1-D13E931F8079}"
EndProject
Project("{8BC9CEB8-8B4A-11D0-8D11-00A0C91BC942}") = "test_boost", "project\test_boost\test_boost.vcxproj", "{E1F89C96-1E73-49C4-A5CD-DE6ADFFEE129}"
EndProject
Project("{8BC9CEB8-8B4A-11D0-8D11-00A0C91BC942}") = "test_database", "project\test_database\test_database.vcxproj", "{5971E01B-E2FF-4E1B-90B5-3EED4C4B9218}"
EndProject
Project("{8BC9CEB8-8B4A-11D0-8D11-00A0C91BC942}") = "app_server_delta", "project\app_server_delta\app_server_delta.vcxproj", "{31519246-B270-4510-9FCF-BDA83C01C2BA}"
EndProject
Global
	GlobalSection(SolutionConfigurationPlatforms) = preSolution
		Debug|Mixed Platforms = Debug|Mixed Platforms
		Debug|Win32 = Debug|Win32
		Debug|x64 = Debug|x64
		Debug|x86 = Debug|x86
		Release|Mixed Platforms = Release|Mixed Platforms
		Release|Win32 = Release|Win32
		Release|x64 = Release|x64
		Release|x86 = Release|x86
	EndGlobalSection
	GlobalSection(ProjectConfigurationPlatforms) = postSolution
		{80078CBF-33A9-409C-A0BD-FC71F52B5AE2}.Debug|Mixed Platforms.ActiveCfg = Debug|Win32
		{80078CBF-33A9-409C-A0BD-FC71F52B5AE2}.Debug|Mixed Platforms.Build.0 = Debug|Win32
		{80078CBF-33A9-409C-A0BD-FC71F52B5AE2}.Debug|Win32.ActiveCfg = Debug|Win32
		{80078CBF-33A9-409C-A0BD-FC71F52B5AE2}.Debug|Win32.Build.0 = Debug|Win32
		{80078CBF-33A9-409C-A0BD-FC71F52B5AE2}.Debug|x64.ActiveCfg = Debug|x64
		{80078CBF-33A9-409C-A0BD-FC71F52B5AE2}.Debug|x64.Build.0 = Debug|x64
		{80078CBF-33A9-409C-A0BD-FC71F52B5AE2}.Debug|x86.ActiveCfg = Debug|Win32
		{80078CBF-33A9-409C-A0BD-FC71F52B5AE2}.Debug|x86.Build.0 = Debug|Win32
		{80078CBF-33A9-409C-A0BD-FC71F52B5AE2}.Release|Mixed Platforms.ActiveCfg = Release|Win32
		{80078CBF-33A9-409C-A0BD-FC71F52B5AE2}.Release|Mixed Platforms.Build.0 = Release|Win32
		{80078CBF-33A9-409C-A0BD-FC71F52B5AE2}.Release|Win32.ActiveCfg = Release|Win32
		{80078CBF-33A9-409C-A0BD-FC71F52B5AE2}.Release|Win32.Build.0 = Release|Win32
		{80078CBF-33A9-409C-A0BD-FC71F52B5AE2}.Release|x64.ActiveCfg = Release|x64
		{80078CBF-33A9-409C-A0BD-FC71F52B5AE2}.Release|x64.Build.0 = Release|x64
		{80078CBF-33A9-409C-A0BD-FC71F52B5AE2}.Release|x86.ActiveCfg = Release|Win32
		{80078CBF-33A9-409C-A0BD-FC71F52B5AE2}.Release|x86.Build.0 = Release|Win32
		{D5839C5B-1072-41C4-8976-2EADF527AD7A}.Debug|Mixed Platforms.ActiveCfg = Debug|Win32
		{D5839C5B-1072-41C4-8976-2EADF527AD7A}.Debug|Mixed Platforms.Build.0 = Debug|Win32
		{D5839C5B-1072-41C4-8976-2EADF527AD7A}.Debug|Win32.ActiveCfg = Debug|Win32
		{D5839C5B-1072-41C4-8976-2EADF527AD7A}.Debug|Win32.Build.0 = Debug|Win32
		{D5839C5B-1072-41C4-8976-2EADF527AD7A}.Debug|x64.ActiveCfg = Debug|x64
		{D5839C5B-1072-41C4-8976-2EADF527AD7A}.Debug|x64.Build.0 = Debug|x64
		{D5839C5B-1072-41C4-8976-2EADF527AD7A}.Debug|x86.ActiveCfg = Debug|Win32
		{D5839C5B-1072-41C4-8976-2EADF527AD7A}.Debug|x86.Build.0 = Debug|Win32
		{D5839C5B-1072-41C4-8976-2EADF527AD7A}.Release|Mixed Platforms.ActiveCfg = Release|Win32
		{D5839C5B-1072-41C4-8976-2EADF527AD7A}.Release|Mixed Platforms.Build.0 = Release|Win32
		{D5839C5B-1072-41C4-8976-2EADF527AD7A}.Release|Win32.ActiveCfg = Release|Win32
		{D5839C5B-1072-41C4-8976-2EADF527AD7A}.Release|Win32.Build.0 = Release|Win32
		{D5839C5B-1072-41C4-8976-2EADF527AD7A}.Release|x64.ActiveCfg = Release|x64
		{D5839C5B-1072-41C4-8976-2EADF527AD7A}.Release|x64.Build.0 = Release|x64
		{D5839C5B-1072-41C4-8976-2EADF527AD7A}.Release|x86.ActiveCfg = Release|Win32
		{D5839C5B-1072-41C4-8976-2EADF527AD7A}.Release|x86.Build.0 = Release|Win32
		{24D23809-111C-4C2A-AD15-001D205093F0}.Debug|Mixed Platforms.ActiveCfg = Debug|Win32
		{24D23809-111C-4C2A-AD15-001D205093F0}.Debug|Mixed Platforms.Build.0 = Debug|Win32
		{24D23809-111C-4C2A-AD15-001D205093F0}.Debug|Win32.ActiveCfg = Debug|Win32
		{24D23809-111C-4C2A-AD15-001D205093F0}.Debug|Win32.Build.0 = Debug|Win32
		{24D23809-111C-4C2A-AD15-001D205093F0}.Debug|x64.ActiveCfg = Debug|x64
		{24D23809-111C-4C2A-AD15-001D205093F0}.Debug|x64.Build.0 = Debug|x64
		{24D23809-111C-4C2A-AD15-001D205093F0}.Debug|x86.ActiveCfg = Debug|Win32
		{24D23809-111C-4C2A-AD15-001D205093F0}.Debug|x86.Build.0 = Debug|Win32
		{24D23809-111C-4C2A-AD15-001D205093F0}.Release|Mixed Platforms.ActiveCfg = Release|Win32
		{24D23809-111C-4C2A-AD15-001D205093F0}.Release|Mixed Platforms.Build.0 = Release|Win32
		{24D23809-111C-4C2A-AD15-001D205093F0}.Release|Win32.ActiveCfg = Release|Win32
		{24D23809-111C-4C2A-AD15-001D205093F0}.Release|Win32.Build.0 = Release|Win32
		{24D23809-111C-4C2A-AD15-001D205093F0}.Release|x64.ActiveCfg = Release|x64
		{24D23809-111C-4C2A-AD15-001D205093F0}.Release|x64.Build.0 = Release|x64
		{24D23809-111C-4C2A-AD15-001D205093F0}.Release|x86.ActiveCfg = Release|Win32
		{24D23809-111C-4C2A-AD15-001D205093F0}.Release|x86.Build.0 = Release|Win32
		{C5299AFF-287F-4517-A7CB-F12C9ACE7C57}.Debug|Mixed Platforms.ActiveCfg = Debug|Win32
		{C5299AFF-287F-4517-A7CB-F12C9ACE7C57}.Debug|Mixed Platforms.Build.0 = Debug|Win32
		{C5299AFF-287F-4517-A7CB-F12C9ACE7C57}.Debug|Win32.ActiveCfg = Debug|Win32
		{C5299AFF-287F-4517-A7CB-F12C9ACE7C57}.Debug|Win32.Build.0 = Debug|Win32
		{C5299AFF-287F-4517-A7CB-F12C9ACE7C57}.Debug|x64.ActiveCfg = Debug|x64
		{C5299AFF-287F-4517-A7CB-F12C9ACE7C57}.Debug|x64.Build.0 = Debug|x64
		{C5299AFF-287F-4517-A7CB-F12C9ACE7C57}.Debug|x86.ActiveCfg = Debug|Win32
		{C5299AFF-287F-4517-A7CB-F12C9ACE7C57}.Debug|x86.Build.0 = Debug|Win32
		{C5299AFF-287F-4517-A7CB-F12C9ACE7C57}.Release|Mixed Platforms.ActiveCfg = Release|Win32
		{C5299AFF-287F-4517-A7CB-F12C9ACE7C57}.Release|Mixed Platforms.Build.0 = Release|Win32
		{C5299AFF-287F-4517-A7CB-F12C9ACE7C57}.Release|Win32.ActiveCfg = Release|Win32
		{C5299AFF-287F-4517-A7CB-F12C9ACE7C57}.Release|Win32.Build.0 = Release|Win32
		{C5299AFF-287F-4517-A7CB-F12C9ACE7C57}.Release|x64.ActiveCfg = Release|x64
		{C5299AFF-287F-4517-A7CB-F12C9ACE7C57}.Release|x64.Build.0 = Release|x64
		{C5299AFF-287F-4517-A7CB-F12C9ACE7C57}.Release|x86.ActiveCfg = Release|Win32
		{C5299AFF-287F-4517-A7CB-F12C9ACE7C57}.Release|x86.Build.0 = Release|Win32
		{A3DED894-B0D0-400B-B80D-DF9796BCBC7B}.Debug|Mixed Platforms.ActiveCfg = Debug|Win32
		{A3DED894-B0D0-400B-B80D-DF9796BCBC7B}.Debug|Mixed Platforms.Build.0 = Debug|Win32
		{A3DED894-B0D0-400B-B80D-DF9796BCBC7B}.Debug|Win32.ActiveCfg = Debug|Win32
		{A3DED894-B0D0-400B-B80D-DF9796BCBC7B}.Debug|Win32.Build.0 = Debug|Win32
		{A3DED894-B0D0-400B-B80D-DF9796BCBC7B}.Debug|x64.ActiveCfg = Debug|Win32
		{A3DED894-B0D0-400B-B80D-DF9796BCBC7B}.Debug|x86.ActiveCfg = Debug|Win32
		{A3DED894-B0D0-400B-B80D-DF9796BCBC7B}.Debug|x86.Build.0 = Debug|Win32
		{A3DED894-B0D0-400B-B80D-DF9796BCBC7B}.Release|Mixed Platforms.ActiveCfg = Release|Win32
		{A3DED894-B0D0-400B-B80D-DF9796BCBC7B}.Release|Mixed Platforms.Build.0 = Release|Win32
		{A3DED894-B0D0-400B-B80D-DF9796BCBC7B}.Release|Win32.ActiveCfg = Release|Win32
		{A3DED894-B0D0-400B-B80D-DF9796BCBC7B}.Release|Win32.Build.0 = Release|Win32
		{A3DED894-B0D0-400B-B80D-DF9796BCBC7B}.Release|x64.ActiveCfg = Release|Win32
		{A3DED894-B0D0-400B-B80D-DF9796BCBC7B}.Release|x86.ActiveCfg = Release|Win32
		{A3DED894-B0D0-400B-B80D-DF9796BCBC7B}.Release|x86.Build.0 = Release|Win32
		{E613D2F0-54EB-42CE-8E2E-9715B053043C}.Debug|Mixed Platforms.ActiveCfg = Debug|Win32
		{E613D2F0-54EB-42CE-8E2E-9715B053043C}.Debug|Mixed Platforms.Build.0 = Debug|Win32
		{E613D2F0-54EB-42CE-8E2E-9715B053043C}.Debug|Win32.ActiveCfg = Debug|Win32
		{E613D2F0-54EB-42CE-8E2E-9715B053043C}.Debug|Win32.Build.0 = Debug|Win32
		{E613D2F0-54EB-42CE-8E2E-9715B053043C}.Debug|x64.ActiveCfg = Debug|x64
		{E613D2F0-54EB-42CE-8E2E-9715B053043C}.Debug|x64.Build.0 = Debug|x64
		{E613D2F0-54EB-42CE-8E2E-9715B053043C}.Debug|x86.ActiveCfg = Debug|Win32
		{E613D2F0-54EB-42CE-8E2E-9715B053043C}.Debug|x86.Build.0 = Debug|Win32
		{E613D2F0-54EB-42CE-8E2E-9715B053043C}.Release|Mixed Platforms.ActiveCfg = Release|Win32
		{E613D2F0-54EB-42CE-8E2E-9715B053043C}.Release|Mixed Platforms.Build.0 = Release|Win32
		{E613D2F0-54EB-42CE-8E2E-9715B053043C}.Release|Win32.ActiveCfg = Release|Win32
		{E613D2F0-54EB-42CE-8E2E-9715B053043C}.Release|Win32.Build.0 = Release|Win32
		{E613D2F0-54EB-42CE-8E2E-9715B053043C}.Release|x64.ActiveCfg = Release|x64
		{E613D2F0-54EB-42CE-8E2E-9715B053043C}.Release|x64.Build.0 = Release|x64
		{E613D2F0-54EB-42CE-8E2E-9715B053043C}.Release|x86.ActiveCfg = Release|Win32
		{E613D2F0-54EB-42CE-8E2E-9715B053043C}.Release|x86.Build.0 = Release|Win32
		{D51B08D6-458C-45EA-B4B1-D13E931F8079}.Debug|Mixed Platforms.ActiveCfg = Debug|Win32
		{D51B08D6-458C-45EA-B4B1-D13E931F8079}.Debug|Mixed Platforms.Build.0 = Debug|Win32
		{D51B08D6-458C-45EA-B4B1-D13E931F8079}.Debug|Win32.ActiveCfg = Debug|Win32
		{D51B08D6-458C-45EA-B4B1-D13E931F8079}.Debug|Win32.Build.0 = Debug|Win32
		{D51B08D6-458C-45EA-B4B1-D13E931F8079}.Debug|x64.ActiveCfg = Debug|Win32
		{D51B08D6-458C-45EA-B4B1-D13E931F8079}.Debug|x86.ActiveCfg = Debug|Win32
		{D51B08D6-458C-45EA-B4B1-D13E931F8079}.Debug|x86.Build.0 = Debug|Win32
		{D51B08D6-458C-45EA-B4B1-D13E931F8079}.Release|Mixed Platforms.ActiveCfg = Release|Win32
		{D51B08D6-458C-45EA-B4B1-D13E931F8079}.Release|Mixed Platforms.Build.0 = Release|Win32
		{D51B08D6-458C-45EA-B4B1-D13E931F8079}.Release|Win32.ActiveCfg = Release|Win32
		{D51B08D6-458C-45EA-B4B1-D13E931F8079}.Release|Win32.Build.0 = Release|Win32
		{D51B08D6-458C-45EA-B4B1-D13E931F8079}.Release|x64.ActiveCfg = Release|Win32
		{D51B08D6-458C-45EA-B4B1-D13E931F8079}.Release|x86.ActiveCfg = Release|Win32
		{D51B08D6-458C-45EA-B4B1-D13E931F8079}.Release|x86.Build.0 = Release|Win32
		{E1F89C96-1E73-49C4-A5CD-DE6ADFFEE129}.Debug|Mixed Platforms.ActiveCfg = Debug|Win32
		{E1F89C96-1E73-49C4-A5CD-DE6ADFFEE129}.Debug|Mixed Platforms.Build.0 = Debug|Win32
		{E1F89C96-1E73-49C4-A5CD-DE6ADFFEE129}.Debug|Win32.ActiveCfg = Debug|Win32
		{E1F89C96-1E73-49C4-A5CD-DE6ADFFEE129}.Debug|Win32.Build.0 = Debug|Win32
		{E1F89C96-1E73-49C4-A5CD-DE6ADFFEE129}.Debug|x64.ActiveCfg = Debug|Win32
		{E1F89C96-1E73-49C4-A5CD-DE6ADFFEE129}.Debug|x86.ActiveCfg = Debug|Win32
		{E1F89C96-1E73-49C4-A5CD-DE6ADFFEE129}.Debug|x86.Build.0 = Debug|Win32
		{E1F89C96-1E73-49C4-A5CD-DE6ADFFEE129}.Release|Mixed Platforms.ActiveCfg = Release|Win32
		{E1F89C96-1E73-49C4-A5CD-DE6ADFFEE129}.Release|Mixed Platforms.Build.0 = Release|Win32
		{E1F89C96-1E73-49C4-A5CD-DE6ADFFEE129}.Release|Win32.ActiveCfg = Release|Win32
		{E1F89C96-1E73-49C4-A5CD-DE6ADFFEE129}.Release|Win32.Build.0 = Release|Win32
		{E1F89C96-1E73-49C4-A5CD-DE6ADFFEE129}.Release|x64.ActiveCfg = Release|Win32
		{E1F89C96-1E73-49C4-A5CD-DE6ADFFEE129}.Release|x86.ActiveCfg = Release|Win32
		{E1F89C96-1E73-49C4-A5CD-DE6ADFFEE129}.Release|x86.Build.0 = Release|Win32
		{5971E01B-E2FF-4E1B-90B5-3EED4C4B9218}.Debug|Mixed Platforms.ActiveCfg = Debug|Win32
		{5971E01B-E2FF-4E1B-90B5-3EED4C4B9218}.Debug|Mixed Platforms.Build.0 = Debug|Win32
		{5971E01B-E2FF-4E1B-90B5-3EED4C4B9218}.Debug|Win32.ActiveCfg = Debug|Win32
		{5971E01B-E2FF-4E1B-90B5-3EED4C4B9218}.Debug|Win32.Build.0 = Debug|Win32
		{5971E01B-E2FF-4E1B-90B5-3EED4C4B9218}.Debug|x64.ActiveCfg = Debug|Win32
		{5971E01B-E2FF-4E1B-90B5-3EED4C4B9218}.Debug|x86.ActiveCfg = Debug|Win32
		{5971E01B-E2FF-4E1B-90B5-3EED4C4B9218}.Debug|x86.Build.0 = Debug|Win32
		{5971E01B-E2FF-4E1B-90B5-3EED4C4B9218}.Release|Mixed Platforms.ActiveCfg = Release|Win32
		{5971E01B-E2FF-4E1B-90B5-3EED4C4B9218}.Release|Mixed Platforms.Build.0 = Release|Win32
		{5971E01B-E2FF-4E1B-90B5-3EED4C4B9218}.Release|Win32.ActiveCfg = Release|Win32
		{5971E01B-E2FF-4E1B-90B5-3EED4C4B9218}.Release|Win32.Build.0 = Release|Win32
		{5971E01B-E2FF-4E1B-90B5-3EED4C4B9218}.Release|x64.ActiveCfg = Release|Win32
		{5971E01B-E2FF-4E1B-90B5-3EED4C4B9218}.Release|x86.ActiveCfg = Release|Win32
		{5971E01B-E2FF-4E1B-90B5-3EED4C4B9218}.Release|x86.Build.0 = Release|Win32
		{31519246-B270-4510-9FCF-BDA83C01C2BA}.Debug|Mixed Platforms.ActiveCfg = Debug|Win32
		{31519246-B270-4510-9FCF-BDA83C01C2BA}.Debug|Mixed Platforms.Build.0 = Debug|Win32
		{31519246-B270-4510-9FCF-BDA83C01C2BA}.Debug|Win32.ActiveCfg = Debug|Win32
		{31519246-B270-4510-9FCF-BDA83C01C2BA}.Debug|Win32.Build.0 = Debug|Win32
		{31519246-B270-4510-9FCF-BDA83C01C2BA}.Debug|x64.ActiveCfg = Debug|Win32
		{31519246-B270-4510-9FCF-BDA83C01C2BA}.Debug|x86.ActiveCfg = Debug|Win32
		{31519246-B270-4510-9FCF-BDA83C01C2BA}.Debug|x86.Build.0 = Debug|Win32
		{31519246-B270-4510-9FCF-BDA83C01C2BA}.Release|Mixed Platforms.ActiveCfg = Release|Win32
		{31519246-B270-4510-9FCF-BDA83C01C2BA}.Release|Mixed Platforms.Build.0 = Release|Win32
		{31519246-B270-4510-9FCF-BDA83C01C2BA}.Release|Win32.ActiveCfg = Release|Win32
		{31519246-B270-4510-9FCF-BDA83C01C2BA}.Release|Win32.Build.0 = Release|Win32
		{31519246-B270-4510-9FCF-BDA83C01C2BA}.Release|x64.ActiveCfg = Release|Win32
		{31519246-B270-4510-9FCF-BDA83C01C2BA}.Release|x86.ActiveCfg = Release|Win32
		{31519246-B270-4510-9FCF-BDA83C01C2BA}.Release|x86.Build.0 = Release|Win32
	EndGlobalSection
	GlobalSection(SolutionProperties) = preSolution
		HideSolutionNode = FALSE
	EndGlobalSection
	GlobalSection(NestedProjects) = preSolution
		{24D23809-111C-4C2A-AD15-001D205093F0} = {F092697B-E095-4C2C-89AB-87873495252B}
		{D51B08D6-458C-45EA-B4B1-D13E931F8079} = {F092697B-E095-4C2C-89AB-87873495252B}
		{E1F89C96-1E73-49C4-A5CD-DE6ADFFEE129} = {F092697B-E095-4C2C-89AB-87873495252B}
		{5971E01B-E2FF-4E1B-90B5-3EED4C4B9218} = {F092697B-E095-4C2C-89AB-87873495252B}
	EndGlobalSection
EndGlobal
