
Microsoft Visual Studio Solution File, Format Version 12.00
# Visual Studio 2013
VisualStudioVersion = 12.0.21005.1
MinimumVisualStudioVersion = 10.0.40219.1
Project("{8BC9CEB8-8B4A-11D0-8D11-00A0C91BC942}") = "delta", "project\delta\delta.vcxproj", "{0EBE1CAE-B1ED-43E7-82A5-82D997E54D5B}"
EndProject
Project("{8BC9CEB8-8B4A-11D0-8D11-00A0C91BC942}") = "utility", "library\utility\utility.vcxproj", "{80078CBF-33A9-409C-A0BD-FC71F52B5AE2}"
EndProject
Project("{8BC9CEB8-8B4A-11D0-8D11-00A0C91BC942}") = "base", "library\base\base.vcxproj", "{D5839C5B-1072-41C4-8976-2EADF527AD7A}"
EndProject
Project("{2150E333-8FDC-42A3-9474-1A3956D46DE8}") = "test", "test", "{F092697B-E095-4C2C-89AB-87873495252B}"
EndProject
Project("{8BC9CEB8-8B4A-11D0-8D11-00A0C91BC942}") = "test", "project\test\test.vcxproj", "{24D23809-111C-4C2A-AD15-001D205093F0}"
EndProject
Project("{8BC9CEB8-8B4A-11D0-8D11-00A0C91BC942}") = "database", "library\database\database.vcxproj", "{C5299AFF-287F-4517-A7CB-F12C9ACE7C57}"
EndProject
Project("{8BC9CEB8-8B4A-11D0-8D11-00A0C91BC942}") = "test_boost", "project\test_boost\test_boost.vcxproj", "{E1F89C96-1E73-49C4-A5CD-DE6ADFFEE129}"
EndProject
Project("{8BC9CEB8-8B4A-11D0-8D11-00A0C91BC942}") = "asio", "library\asio\asio.vcxproj", "{A3DED894-B0D0-400B-B80D-DF9796BCBC7B}"
EndProject
Project("{8BC9CEB8-8B4A-11D0-8D11-00A0C91BC942}") = "asio_client", "project\asio_client\ASIO_Client.vcxproj", "{75BDDCEA-B0E1-4A7C-AC0E-748911E15D88}"
EndProject
Project("{8BC9CEB8-8B4A-11D0-8D11-00A0C91BC942}") = "asio_server", "project\asio_server\ASIO_Server.vcxproj", "{FEBC9FCB-607D-496B-8C69-95D49A1224C0}"
EndProject
Project("{8BC9CEB8-8B4A-11D0-8D11-00A0C91BC942}") = "manager_server", "project\BasePlatform\BasePlatform.vcxproj", "{31519246-B270-4510-9FCF-BDA83C01C2BA}"
EndProject
Project("{8BC9CEB8-8B4A-11D0-8D11-00A0C91BC942}") = "mysql_api", "library\mysql_api\mysql_api.vcxproj", "{E613D2F0-54EB-42CE-8E2E-9715B053043C}"
EndProject
Project("{8BC9CEB8-8B4A-11D0-8D11-00A0C91BC942}") = "test_database", "project\test_database\test_database.vcxproj", "{5971E01B-E2FF-4E1B-90B5-3EED4C4B9218}"
EndProject
Project("{8BC9CEB8-8B4A-11D0-8D11-00A0C91BC942}") = "oracle_test", "project\oracle_test\oracle_test.vcxproj", "{02C24966-F21E-455C-9FFC-0690A5A5C861}"
EndProject
Project("{8BC9CEB8-8B4A-11D0-8D11-00A0C91BC942}") = "db_sync", "project\db_sync\db_sync.vcxproj", "{496AA9ED-42C4-4215-A0E8-4FA40822E395}"
EndProject
Project("{8BC9CEB8-8B4A-11D0-8D11-00A0C91BC942}") = "base_test", "project\base_test\base_test.vcxproj", "{DE8A9F45-6CEE-4BFC-9C65-0C55935D9A16}"
EndProject
Project("{8BC9CEB8-8B4A-11D0-8D11-00A0C91BC942}") = "testRiskApi", "project\riskapidemo\testRiskApi.vcxproj", "{1AE80AA5-5393-41D4-99BF-E3523F64B926}"
EndProject
Global
	GlobalSection(SolutionConfigurationPlatforms) = preSolution
		Debug|Mixed Platforms = Debug|Mixed Platforms
		Debug|Win32 = Debug|Win32
		Debug|x64 = Debug|x64
		Debug|x86 = Debug|x86
		Release|Mixed Platforms = Release|Mixed Platforms
		Release|Win32 = Release|Win32
		Release|x64 = Release|x64
		Release|x86 = Release|x86
	EndGlobalSection
	GlobalSection(ProjectConfigurationPlatforms) = postSolution
		{0EBE1CAE-B1ED-43E7-82A5-82D997E54D5B}.Debug|Mixed Platforms.ActiveCfg = Debug|Win32
		{0EBE1CAE-B1ED-43E7-82A5-82D997E54D5B}.Debug|Mixed Platforms.Build.0 = Debug|Win32
		{0EBE1CAE-B1ED-43E7-82A5-82D997E54D5B}.Debug|Win32.ActiveCfg = Debug|Win32
		{0EBE1CAE-B1ED-43E7-82A5-82D997E54D5B}.Debug|Win32.Build.0 = Debug|Win32
		{0EBE1CAE-B1ED-43E7-82A5-82D997E54D5B}.Debug|x64.ActiveCfg = Debug|x64
		{0EBE1CAE-B1ED-43E7-82A5-82D997E54D5B}.Debug|x64.Build.0 = Debug|x64
		{0EBE1CAE-B1ED-43E7-82A5-82D997E54D5B}.Debug|x86.ActiveCfg = Debug|Win32
		{0EBE1CAE-B1ED-43E7-82A5-82D997E54D5B}.Debug|x86.Build.0 = Debug|Win32
		{0EBE1CAE-B1ED-43E7-82A5-82D997E54D5B}.Release|Mixed Platforms.ActiveCfg = Release|Win32
		{0EBE1CAE-B1ED-43E7-82A5-82D997E54D5B}.Release|Mixed Platforms.Build.0 = Release|Win32
		{0EBE1CAE-B1ED-43E7-82A5-82D997E54D5B}.Release|Win32.ActiveCfg = Release|Win32
		{0EBE1CAE-B1ED-43E7-82A5-82D997E54D5B}.Release|Win32.Build.0 = Release|Win32
		{0EBE1CAE-B1ED-43E7-82A5-82D997E54D5B}.Release|x64.ActiveCfg = Release|x64
		{0EBE1CAE-B1ED-43E7-82A5-82D997E54D5B}.Release|x64.Build.0 = Release|x64
		{0EBE1CAE-B1ED-43E7-82A5-82D997E54D5B}.Release|x86.ActiveCfg = Release|Win32
		{0EBE1CAE-B1ED-43E7-82A5-82D997E54D5B}.Release|x86.Build.0 = Release|Win32
		{80078CBF-33A9-409C-A0BD-FC71F52B5AE2}.Debug|Mixed Platforms.ActiveCfg = Debug|Win32
		{80078CBF-33A9-409C-A0BD-FC71F52B5AE2}.Debug|Mixed Platforms.Build.0 = Debug|Win32
		{80078CBF-33A9-409C-A0BD-FC71F52B5AE2}.Debug|Win32.ActiveCfg = Debug|Win32
		{80078CBF-33A9-409C-A0BD-FC71F52B5AE2}.Debug|Win32.Build.0 = Debug|Win32
		{80078CBF-33A9-409C-A0BD-FC71F52B5AE2}.Debug|x64.ActiveCfg = Debug|x64
		{80078CBF-33A9-409C-A0BD-FC71F52B5AE2}.Debug|x64.Build.0 = Debug|x64
		{80078CBF-33A9-409C-A0BD-FC71F52B5AE2}.Debug|x86.ActiveCfg = Debug|Win32
		{80078CBF-33A9-409C-A0BD-FC71F52B5AE2}.Debug|x86.Build.0 = Debug|Win32
		{80078CBF-33A9-409C-A0BD-FC71F52B5AE2}.Release|Mixed Platforms.ActiveCfg = Release|Win32
		{80078CBF-33A9-409C-A0BD-FC71F52B5AE2}.Release|Mixed Platforms.Build.0 = Release|Win32
		{80078CBF-33A9-409C-A0BD-FC71F52B5AE2}.Release|Win32.ActiveCfg = Release|Win32
		{80078CBF-33A9-409C-A0BD-FC71F52B5AE2}.Release|Win32.Build.0 = Release|Win32
		{80078CBF-33A9-409C-A0BD-FC71F52B5AE2}.Release|x64.ActiveCfg = Release|x64
		{80078CBF-33A9-409C-A0BD-FC71F52B5AE2}.Release|x64.Build.0 = Release|x64
		{80078CBF-33A9-409C-A0BD-FC71F52B5AE2}.Release|x86.ActiveCfg = Release|Win32
		{80078CBF-33A9-409C-A0BD-FC71F52B5AE2}.Release|x86.Build.0 = Release|Win32
		{D5839C5B-1072-41C4-8976-2EADF527AD7A}.Debug|Mixed Platforms.ActiveCfg = Debug|Win32
		{D5839C5B-1072-41C4-8976-2EADF527AD7A}.Debug|Mixed Platforms.Build.0 = Debug|Win32
		{D5839C5B-1072-41C4-8976-2EADF527AD7A}.Debug|Win32.ActiveCfg = Debug|Win32
		{D5839C5B-1072-41C4-8976-2EADF527AD7A}.Debug|Win32.Build.0 = Debug|Win32
		{D5839C5B-1072-41C4-8976-2EADF527AD7A}.Debug|x64.ActiveCfg = Debug|x64
		{D5839C5B-1072-41C4-8976-2EADF527AD7A}.Debug|x64.Build.0 = Debug|x64
		{D5839C5B-1072-41C4-8976-2EADF527AD7A}.Debug|x86.ActiveCfg = Debug|Win32
		{D5839C5B-1072-41C4-8976-2EADF527AD7A}.Debug|x86.Build.0 = Debug|Win32
		{D5839C5B-1072-41C4-8976-2EADF527AD7A}.Release|Mixed Platforms.ActiveCfg = Release|Win32
		{D5839C5B-1072-41C4-8976-2EADF527AD7A}.Release|Mixed Platforms.Build.0 = Release|Win32
		{D5839C5B-1072-41C4-8976-2EADF527AD7A}.Release|Win32.ActiveCfg = Release|Win32
		{D5839C5B-1072-41C4-8976-2EADF527AD7A}.Release|Win32.Build.0 = Release|Win32
		{D5839C5B-1072-41C4-8976-2EADF527AD7A}.Release|x64.ActiveCfg = Release|x64
		{D5839C5B-1072-41C4-8976-2EADF527AD7A}.Release|x64.Build.0 = Release|x64
		{D5839C5B-1072-41C4-8976-2EADF527AD7A}.Release|x86.ActiveCfg = Release|Win32
		{D5839C5B-1072-41C4-8976-2EADF527AD7A}.Release|x86.Build.0 = Release|Win32
		{24D23809-111C-4C2A-AD15-001D205093F0}.Debug|Mixed Platforms.ActiveCfg = Debug|Win32
		{24D23809-111C-4C2A-AD15-001D205093F0}.Debug|Mixed Platforms.Build.0 = Debug|Win32
		{24D23809-111C-4C2A-AD15-001D205093F0}.Debug|Win32.ActiveCfg = Debug|Win32
		{24D23809-111C-4C2A-AD15-001D205093F0}.Debug|Win32.Build.0 = Debug|Win32
		{24D23809-111C-4C2A-AD15-001D205093F0}.Debug|x64.ActiveCfg = Debug|x64
		{24D23809-111C-4C2A-AD15-001D205093F0}.Debug|x64.Build.0 = Debug|x64
		{24D23809-111C-4C2A-AD15-001D205093F0}.Debug|x86.ActiveCfg = Debug|Win32
		{24D23809-111C-4C2A-AD15-001D205093F0}.Debug|x86.Build.0 = Debug|Win32
		{24D23809-111C-4C2A-AD15-001D205093F0}.Release|Mixed Platforms.ActiveCfg = Release|Win32
		{24D23809-111C-4C2A-AD15-001D205093F0}.Release|Mixed Platforms.Build.0 = Release|Win32
		{24D23809-111C-4C2A-AD15-001D205093F0}.Release|Win32.ActiveCfg = Release|Win32
		{24D23809-111C-4C2A-AD15-001D205093F0}.Release|Win32.Build.0 = Release|Win32
		{24D23809-111C-4C2A-AD15-001D205093F0}.Release|x64.ActiveCfg = Release|x64
		{24D23809-111C-4C2A-AD15-001D205093F0}.Release|x64.Build.0 = Release|x64
		{24D23809-111C-4C2A-AD15-001D205093F0}.Release|x86.ActiveCfg = Release|Win32
		{24D23809-111C-4C2A-AD15-001D205093F0}.Release|x86.Build.0 = Release|Win32
		{C5299AFF-287F-4517-A7CB-F12C9ACE7C57}.Debug|Mixed Platforms.ActiveCfg = Debug|Win32
		{C5299AFF-287F-4517-A7CB-F12C9ACE7C57}.Debug|Mixed Platforms.Build.0 = Debug|Win32
		{C5299AFF-287F-4517-A7CB-F12C9ACE7C57}.Debug|Win32.ActiveCfg = Debug|Win32
		{C5299AFF-287F-4517-A7CB-F12C9ACE7C57}.Debug|Win32.Build.0 = Debug|Win32
		{C5299AFF-287F-4517-A7CB-F12C9ACE7C57}.Debug|x64.ActiveCfg = Debug|x64
		{C5299AFF-287F-4517-A7CB-F12C9ACE7C57}.Debug|x64.Build.0 = Debug|x64
		{C5299AFF-287F-4517-A7CB-F12C9ACE7C57}.Debug|x86.ActiveCfg = Debug|Win32
		{C5299AFF-287F-4517-A7CB-F12C9ACE7C57}.Debug|x86.Build.0 = Debug|Win32
		{C5299AFF-287F-4517-A7CB-F12C9ACE7C57}.Release|Mixed Platforms.ActiveCfg = Release|Win32
		{C5299AFF-287F-4517-A7CB-F12C9ACE7C57}.Release|Mixed Platforms.Build.0 = Release|Win32
		{C5299AFF-287F-4517-A7CB-F12C9ACE7C57}.Release|Win32.ActiveCfg = Release|Win32
		{C5299AFF-287F-4517-A7CB-F12C9ACE7C57}.Release|Win32.Build.0 = Release|Win32
		{C5299AFF-287F-4517-A7CB-F12C9ACE7C57}.Release|x64.ActiveCfg = Release|x64
		{C5299AFF-287F-4517-A7CB-F12C9ACE7C57}.Release|x64.Build.0 = Release|x64
		{C5299AFF-287F-4517-A7CB-F12C9ACE7C57}.Release|x86.ActiveCfg = Release|Win32
		{C5299AFF-287F-4517-A7CB-F12C9ACE7C57}.Release|x86.Build.0 = Release|Win32
		{E1F89C96-1E73-49C4-A5CD-DE6ADFFEE129}.Debug|Mixed Platforms.ActiveCfg = Debug|Win32
		{E1F89C96-1E73-49C4-A5CD-DE6ADFFEE129}.Debug|Mixed Platforms.Build.0 = Debug|Win32
		{E1F89C96-1E73-49C4-A5CD-DE6ADFFEE129}.Debug|Win32.ActiveCfg = Debug|Win32
		{E1F89C96-1E73-49C4-A5CD-DE6ADFFEE129}.Debug|Win32.Build.0 = Debug|Win32
		{E1F89C96-1E73-49C4-A5CD-DE6ADFFEE129}.Debug|x64.ActiveCfg = Debug|Win32
		{E1F89C96-1E73-49C4-A5CD-DE6ADFFEE129}.Debug|x86.ActiveCfg = Debug|Win32
		{E1F89C96-1E73-49C4-A5CD-DE6ADFFEE129}.Debug|x86.Build.0 = Debug|Win32
		{E1F89C96-1E73-49C4-A5CD-DE6ADFFEE129}.Release|Mixed Platforms.ActiveCfg = Release|Win32
		{E1F89C96-1E73-49C4-A5CD-DE6ADFFEE129}.Release|Mixed Platforms.Build.0 = Release|Win32
		{E1F89C96-1E73-49C4-A5CD-DE6ADFFEE129}.Release|Win32.ActiveCfg = Release|Win32
		{E1F89C96-1E73-49C4-A5CD-DE6ADFFEE129}.Release|Win32.Build.0 = Release|Win32
		{E1F89C96-1E73-49C4-A5CD-DE6ADFFEE129}.Release|x64.ActiveCfg = Release|Win32
		{E1F89C96-1E73-49C4-A5CD-DE6ADFFEE129}.Release|x86.ActiveCfg = Release|Win32
		{E1F89C96-1E73-49C4-A5CD-DE6ADFFEE129}.Release|x86.Build.0 = Release|Win32
		{A3DED894-B0D0-400B-B80D-DF9796BCBC7B}.Debug|Mixed Platforms.ActiveCfg = Debug|Win32
		{A3DED894-B0D0-400B-B80D-DF9796BCBC7B}.Debug|Mixed Platforms.Build.0 = Debug|Win32
		{A3DED894-B0D0-400B-B80D-DF9796BCBC7B}.Debug|Win32.ActiveCfg = Debug|Win32
		{A3DED894-B0D0-400B-B80D-DF9796BCBC7B}.Debug|Win32.Build.0 = Debug|Win32
		{A3DED894-B0D0-400B-B80D-DF9796BCBC7B}.Debug|x64.ActiveCfg = Debug|Win32
		{A3DED894-B0D0-400B-B80D-DF9796BCBC7B}.Debug|x86.ActiveCfg = Debug|Win32
		{A3DED894-B0D0-400B-B80D-DF9796BCBC7B}.Debug|x86.Build.0 = Debug|Win32
		{A3DED894-B0D0-400B-B80D-DF9796BCBC7B}.Release|Mixed Platforms.ActiveCfg = Release|Win32
		{A3DED894-B0D0-400B-B80D-DF9796BCBC7B}.Release|Mixed Platforms.Build.0 = Release|Win32
		{A3DED894-B0D0-400B-B80D-DF9796BCBC7B}.Release|Win32.ActiveCfg = Release|Win32
		{A3DED894-B0D0-400B-B80D-DF9796BCBC7B}.Release|Win32.Build.0 = Release|Win32
		{A3DED894-B0D0-400B-B80D-DF9796BCBC7B}.Release|x64.ActiveCfg = Release|Win32
		{A3DED894-B0D0-400B-B80D-DF9796BCBC7B}.Release|x86.ActiveCfg = Release|Win32
		{A3DED894-B0D0-400B-B80D-DF9796BCBC7B}.Release|x86.Build.0 = Release|Win32
		{75BDDCEA-B0E1-4A7C-AC0E-748911E15D88}.Debug|Mixed Platforms.ActiveCfg = Debug|Win32
		{75BDDCEA-B0E1-4A7C-AC0E-748911E15D88}.Debug|Mixed Platforms.Build.0 = Debug|Win32
		{75BDDCEA-B0E1-4A7C-AC0E-748911E15D88}.Debug|Win32.ActiveCfg = Debug|Win32
		{75BDDCEA-B0E1-4A7C-AC0E-748911E15D88}.Debug|Win32.Build.0 = Debug|Win32
		{75BDDCEA-B0E1-4A7C-AC0E-748911E15D88}.Debug|x64.ActiveCfg = Debug|Win32
		{75BDDCEA-B0E1-4A7C-AC0E-748911E15D88}.Debug|x86.ActiveCfg = Debug|Win32
		{75BDDCEA-B0E1-4A7C-AC0E-748911E15D88}.Debug|x86.Build.0 = Debug|Win32
		{75BDDCEA-B0E1-4A7C-AC0E-748911E15D88}.Release|Mixed Platforms.ActiveCfg = Release|Win32
		{75BDDCEA-B0E1-4A7C-AC0E-748911E15D88}.Release|Mixed Platforms.Build.0 = Release|Win32
		{75BDDCEA-B0E1-4A7C-AC0E-748911E15D88}.Release|Win32.ActiveCfg = Release|Win32
		{75BDDCEA-B0E1-4A7C-AC0E-748911E15D88}.Release|Win32.Build.0 = Release|Win32
		{75BDDCEA-B0E1-4A7C-AC0E-748911E15D88}.Release|x64.ActiveCfg = Release|Win32
		{75BDDCEA-B0E1-4A7C-AC0E-748911E15D88}.Release|x86.ActiveCfg = Release|Win32
		{75BDDCEA-B0E1-4A7C-AC0E-748911E15D88}.Release|x86.Build.0 = Release|Win32
		{FEBC9FCB-607D-496B-8C69-95D49A1224C0}.Debug|Mixed Platforms.ActiveCfg = Debug|Win32
		{FEBC9FCB-607D-496B-8C69-95D49A1224C0}.Debug|Mixed Platforms.Build.0 = Debug|Win32
		{FEBC9FCB-607D-496B-8C69-95D49A1224C0}.Debug|Win32.ActiveCfg = Debug|Win32
		{FEBC9FCB-607D-496B-8C69-95D49A1224C0}.Debug|Win32.Build.0 = Debug|Win32
		{FEBC9FCB-607D-496B-8C69-95D49A1224C0}.Debug|x64.ActiveCfg = Debug|Win32
		{FEBC9FCB-607D-496B-8C69-95D49A1224C0}.Debug|x86.ActiveCfg = Debug|Win32
		{FEBC9FCB-607D-496B-8C69-95D49A1224C0}.Debug|x86.Build.0 = Debug|Win32
		{FEBC9FCB-607D-496B-8C69-95D49A1224C0}.Release|Mixed Platforms.ActiveCfg = Release|Win32
		{FEBC9FCB-607D-496B-8C69-95D49A1224C0}.Release|Mixed Platforms.Build.0 = Release|Win32
		{FEBC9FCB-607D-496B-8C69-95D49A1224C0}.Release|Win32.ActiveCfg = Release|Win32
		{FEBC9FCB-607D-496B-8C69-95D49A1224C0}.Release|Win32.Build.0 = Release|Win32
		{FEBC9FCB-607D-496B-8C69-95D49A1224C0}.Release|x64.ActiveCfg = Release|Win32
		{FEBC9FCB-607D-496B-8C69-95D49A1224C0}.Release|x86.ActiveCfg = Release|Win32
		{FEBC9FCB-607D-496B-8C69-95D49A1224C0}.Release|x86.Build.0 = Release|Win32
		{31519246-B270-4510-9FCF-BDA83C01C2BA}.Debug|Mixed Platforms.ActiveCfg = Debug|Win32
		{31519246-B270-4510-9FCF-BDA83C01C2BA}.Debug|Mixed Platforms.Build.0 = Debug|Win32
		{31519246-B270-4510-9FCF-BDA83C01C2BA}.Debug|Win32.ActiveCfg = Debug|Win32
		{31519246-B270-4510-9FCF-BDA83C01C2BA}.Debug|Win32.Build.0 = Debug|Win32
		{31519246-B270-4510-9FCF-BDA83C01C2BA}.Debug|x64.ActiveCfg = Debug|Win32
		{31519246-B270-4510-9FCF-BDA83C01C2BA}.Debug|x86.ActiveCfg = Debug|Win32
		{31519246-B270-4510-9FCF-BDA83C01C2BA}.Debug|x86.Build.0 = Debug|Win32
		{31519246-B270-4510-9FCF-BDA83C01C2BA}.Release|Mixed Platforms.ActiveCfg = Release|Win32
		{31519246-B270-4510-9FCF-BDA83C01C2BA}.Release|Mixed Platforms.Build.0 = Release|Win32
		{31519246-B270-4510-9FCF-BDA83C01C2BA}.Release|Win32.ActiveCfg = Release|Win32
		{31519246-B270-4510-9FCF-BDA83C01C2BA}.Release|Win32.Build.0 = Release|Win32
		{31519246-B270-4510-9FCF-BDA83C01C2BA}.Release|x64.ActiveCfg = Release|Win32
		{31519246-B270-4510-9FCF-BDA83C01C2BA}.Release|x86.ActiveCfg = Release|Win32
		{31519246-B270-4510-9FCF-BDA83C01C2BA}.Release|x86.Build.0 = Release|Win32
		{E613D2F0-54EB-42CE-8E2E-9715B053043C}.Debug|Mixed Platforms.ActiveCfg = Debug|Win32
		{E613D2F0-54EB-42CE-8E2E-9715B053043C}.Debug|Mixed Platforms.Build.0 = Debug|Win32
		{E613D2F0-54EB-42CE-8E2E-9715B053043C}.Debug|Win32.ActiveCfg = Debug|Win32
		{E613D2F0-54EB-42CE-8E2E-9715B053043C}.Debug|Win32.Build.0 = Debug|Win32
		{E613D2F0-54EB-42CE-8E2E-9715B053043C}.Debug|x64.ActiveCfg = Debug|x64
		{E613D2F0-54EB-42CE-8E2E-9715B053043C}.Debug|x64.Build.0 = Debug|x64
		{E613D2F0-54EB-42CE-8E2E-9715B053043C}.Debug|x86.ActiveCfg = Debug|Win32
		{E613D2F0-54EB-42CE-8E2E-9715B053043C}.Debug|x86.Build.0 = Debug|Win32
		{E613D2F0-54EB-42CE-8E2E-9715B053043C}.Release|Mixed Platforms.ActiveCfg = Release|Win32
		{E613D2F0-54EB-42CE-8E2E-9715B053043C}.Release|Mixed Platforms.Build.0 = Release|Win32
		{E613D2F0-54EB-42CE-8E2E-9715B053043C}.Release|Win32.ActiveCfg = Release|Win32
		{E613D2F0-54EB-42CE-8E2E-9715B053043C}.Release|Win32.Build.0 = Release|Win32
		{E613D2F0-54EB-42CE-8E2E-9715B053043C}.Release|x64.ActiveCfg = Release|x64
		{E613D2F0-54EB-42CE-8E2E-9715B053043C}.Release|x64.Build.0 = Release|x64
		{E613D2F0-54EB-42CE-8E2E-9715B053043C}.Release|x86.ActiveCfg = Release|Win32
		{E613D2F0-54EB-42CE-8E2E-9715B053043C}.Release|x86.Build.0 = Release|Win32
		{5971E01B-E2FF-4E1B-90B5-3EED4C4B9218}.Debug|Mixed Platforms.ActiveCfg = Debug|Win32
		{5971E01B-E2FF-4E1B-90B5-3EED4C4B9218}.Debug|Mixed Platforms.Build.0 = Debug|Win32
		{5971E01B-E2FF-4E1B-90B5-3EED4C4B9218}.Debug|Win32.ActiveCfg = Debug|Win32
		{5971E01B-E2FF-4E1B-90B5-3EED4C4B9218}.Debug|Win32.Build.0 = Debug|Win32
		{5971E01B-E2FF-4E1B-90B5-3EED4C4B9218}.Debug|x64.ActiveCfg = Debug|Win32
		{5971E01B-E2FF-4E1B-90B5-3EED4C4B9218}.Debug|x86.ActiveCfg = Debug|Win32
		{5971E01B-E2FF-4E1B-90B5-3EED4C4B9218}.Debug|x86.Build.0 = Debug|Win32
		{5971E01B-E2FF-4E1B-90B5-3EED4C4B9218}.Release|Mixed Platforms.ActiveCfg = Release|Win32
		{5971E01B-E2FF-4E1B-90B5-3EED4C4B9218}.Release|Mixed Platforms.Build.0 = Release|Win32
		{5971E01B-E2FF-4E1B-90B5-3EED4C4B9218}.Release|Win32.ActiveCfg = Release|Win32
		{5971E01B-E2FF-4E1B-90B5-3EED4C4B9218}.Release|Win32.Build.0 = Release|Win32
		{5971E01B-E2FF-4E1B-90B5-3EED4C4B9218}.Release|x64.ActiveCfg = Release|Win32
		{5971E01B-E2FF-4E1B-90B5-3EED4C4B9218}.Release|x86.ActiveCfg = Release|Win32
		{5971E01B-E2FF-4E1B-90B5-3EED4C4B9218}.Release|x86.Build.0 = Release|Win32
		{02C24966-F21E-455C-9FFC-0690A5A5C861}.Debug|Mixed Platforms.ActiveCfg = Debug|Win32
		{02C24966-F21E-455C-9FFC-0690A5A5C861}.Debug|Mixed Platforms.Build.0 = Debug|Win32
		{02C24966-F21E-455C-9FFC-0690A5A5C861}.Debug|Win32.ActiveCfg = Debug|Win32
		{02C24966-F21E-455C-9FFC-0690A5A5C861}.Debug|Win32.Build.0 = Debug|Win32
		{02C24966-F21E-455C-9FFC-0690A5A5C861}.Debug|x64.ActiveCfg = Debug|x64
		{02C24966-F21E-455C-9FFC-0690A5A5C861}.Debug|x64.Build.0 = Debug|x64
		{02C24966-F21E-455C-9FFC-0690A5A5C861}.Debug|x86.ActiveCfg = Debug|Win32
		{02C24966-F21E-455C-9FFC-0690A5A5C861}.Debug|x86.Build.0 = Debug|Win32
		{02C24966-F21E-455C-9FFC-0690A5A5C861}.Release|Mixed Platforms.ActiveCfg = Release|Win32
		{02C24966-F21E-455C-9FFC-0690A5A5C861}.Release|Mixed Platforms.Build.0 = Release|Win32
		{02C24966-F21E-455C-9FFC-0690A5A5C861}.Release|Win32.ActiveCfg = Release|Win32
		{02C24966-F21E-455C-9FFC-0690A5A5C861}.Release|Win32.Build.0 = Release|Win32
		{02C24966-F21E-455C-9FFC-0690A5A5C861}.Release|x64.ActiveCfg = Release|x64
		{02C24966-F21E-455C-9FFC-0690A5A5C861}.Release|x64.Build.0 = Release|x64
		{02C24966-F21E-455C-9FFC-0690A5A5C861}.Release|x86.ActiveCfg = Release|Win32
		{02C24966-F21E-455C-9FFC-0690A5A5C861}.Release|x86.Build.0 = Release|Win32
		{496AA9ED-42C4-4215-A0E8-4FA40822E395}.Debug|Mixed Platforms.ActiveCfg = Debug|Win32
		{496AA9ED-42C4-4215-A0E8-4FA40822E395}.Debug|Mixed Platforms.Build.0 = Debug|Win32
		{496AA9ED-42C4-4215-A0E8-4FA40822E395}.Debug|Win32.ActiveCfg = Debug|Win32
		{496AA9ED-42C4-4215-A0E8-4FA40822E395}.Debug|Win32.Build.0 = Debug|Win32
		{496AA9ED-42C4-4215-A0E8-4FA40822E395}.Debug|x64.ActiveCfg = Debug|Win32
		{496AA9ED-42C4-4215-A0E8-4FA40822E395}.Debug|x86.ActiveCfg = Debug|Win32
		{496AA9ED-42C4-4215-A0E8-4FA40822E395}.Debug|x86.Build.0 = Debug|Win32
		{496AA9ED-42C4-4215-A0E8-4FA40822E395}.Release|Mixed Platforms.ActiveCfg = Release|Win32
		{496AA9ED-42C4-4215-A0E8-4FA40822E395}.Release|Mixed Platforms.Build.0 = Release|Win32
		{496AA9ED-42C4-4215-A0E8-4FA40822E395}.Release|Win32.ActiveCfg = Release|Win32
		{496AA9ED-42C4-4215-A0E8-4FA40822E395}.Release|Win32.Build.0 = Release|Win32
		{496AA9ED-42C4-4215-A0E8-4FA40822E395}.Release|x64.ActiveCfg = Release|Win32
		{496AA9ED-42C4-4215-A0E8-4FA40822E395}.Release|x86.ActiveCfg = Release|Win32
		{496AA9ED-42C4-4215-A0E8-4FA40822E395}.Release|x86.Build.0 = Release|Win32
		{DE8A9F45-6CEE-4BFC-9C65-0C55935D9A16}.Debug|Mixed Platforms.ActiveCfg = Debug|Win32
		{DE8A9F45-6CEE-4BFC-9C65-0C55935D9A16}.Debug|Mixed Platforms.Build.0 = Debug|Win32
		{DE8A9F45-6CEE-4BFC-9C65-0C55935D9A16}.Debug|Win32.ActiveCfg = Debug|Win32
		{DE8A9F45-6CEE-4BFC-9C65-0C55935D9A16}.Debug|Win32.Build.0 = Debug|Win32
		{DE8A9F45-6CEE-4BFC-9C65-0C55935D9A16}.Debug|x64.ActiveCfg = Debug|Win32
		{DE8A9F45-6CEE-4BFC-9C65-0C55935D9A16}.Debug|x86.ActiveCfg = Debug|Win32
		{DE8A9F45-6CEE-4BFC-9C65-0C55935D9A16}.Debug|x86.Build.0 = Debug|Win32
		{DE8A9F45-6CEE-4BFC-9C65-0C55935D9A16}.Release|Mixed Platforms.ActiveCfg = Release|Win32
		{DE8A9F45-6CEE-4BFC-9C65-0C55935D9A16}.Release|Mixed Platforms.Build.0 = Release|Win32
		{DE8A9F45-6CEE-4BFC-9C65-0C55935D9A16}.Release|Win32.ActiveCfg = Release|Win32
		{DE8A9F45-6CEE-4BFC-9C65-0C55935D9A16}.Release|Win32.Build.0 = Release|Win32
		{DE8A9F45-6CEE-4BFC-9C65-0C55935D9A16}.Release|x64.ActiveCfg = Release|Win32
		{DE8A9F45-6CEE-4BFC-9C65-0C55935D9A16}.Release|x86.ActiveCfg = Release|Win32
		{DE8A9F45-6CEE-4BFC-9C65-0C55935D9A16}.Release|x86.Build.0 = Release|Win32
		{1AE80AA5-5393-41D4-99BF-E3523F64B926}.Debug|Mixed Platforms.ActiveCfg = Debug|Win32
		{1AE80AA5-5393-41D4-99BF-E3523F64B926}.Debug|Mixed Platforms.Build.0 = Debug|Win32
		{1AE80AA5-5393-41D4-99BF-E3523F64B926}.Debug|Win32.ActiveCfg = Debug|Win32
		{1AE80AA5-5393-41D4-99BF-E3523F64B926}.Debug|Win32.Build.0 = Debug|Win32
		{1AE80AA5-5393-41D4-99BF-E3523F64B926}.Debug|x64.ActiveCfg = Debug|Win32
		{1AE80AA5-5393-41D4-99BF-E3523F64B926}.Debug|x86.ActiveCfg = Debug|Win32
		{1AE80AA5-5393-41D4-99BF-E3523F64B926}.Debug|x86.Build.0 = Debug|Win32
		{1AE80AA5-5393-41D4-99BF-E3523F64B926}.Release|Mixed Platforms.ActiveCfg = Release|Win32
		{1AE80AA5-5393-41D4-99BF-E3523F64B926}.Release|Mixed Platforms.Build.0 = Release|Win32
		{1AE80AA5-5393-41D4-99BF-E3523F64B926}.Release|Win32.ActiveCfg = Release|Win32
		{1AE80AA5-5393-41D4-99BF-E3523F64B926}.Release|Win32.Build.0 = Release|Win32
		{1AE80AA5-5393-41D4-99BF-E3523F64B926}.Release|x64.ActiveCfg = Release|Win32
		{1AE80AA5-5393-41D4-99BF-E3523F64B926}.Release|x86.ActiveCfg = Release|Win32
		{1AE80AA5-5393-41D4-99BF-E3523F64B926}.Release|x86.Build.0 = Release|Win32
	EndGlobalSection
	GlobalSection(SolutionProperties) = preSolution
		HideSolutionNode = FALSE
	EndGlobalSection
	GlobalSection(NestedProjects) = preSolution
		{24D23809-111C-4C2A-AD15-001D205093F0} = {F092697B-E095-4C2C-89AB-87873495252B}
		{E1F89C96-1E73-49C4-A5CD-DE6ADFFEE129} = {F092697B-E095-4C2C-89AB-87873495252B}
		{75BDDCEA-B0E1-4A7C-AC0E-748911E15D88} = {F092697B-E095-4C2C-89AB-87873495252B}
		{FEBC9FCB-607D-496B-8C69-95D49A1224C0} = {F092697B-E095-4C2C-89AB-87873495252B}
		{5971E01B-E2FF-4E1B-90B5-3EED4C4B9218} = {F092697B-E095-4C2C-89AB-87873495252B}
		{02C24966-F21E-455C-9FFC-0690A5A5C861} = {F092697B-E095-4C2C-89AB-87873495252B}
		{DE8A9F45-6CEE-4BFC-9C65-0C55935D9A16} = {F092697B-E095-4C2C-89AB-87873495252B}
	EndGlobalSection
EndGlobal
